// !$*UTF8*$!
{
	archiveVersion = 1;
	classes = {
	};
	objectVersion = 55;
	objects = {

/* Begin PBXBuildFile section */
		6E70A01CA01C25EB7D4157C4 /* Pods_lolP_gg.framework in Frameworks */ = {isa = PBXBuildFile; fileRef = 1EB41DC524ACDE1404DAEC41 /* Pods_lolP_gg.framework */; };
		C52177C827590FAA00E1BA62 /* AppDelegate.swift in Sources */ = {isa = PBXBuildFile; fileRef = C52177C727590FAA00E1BA62 /* AppDelegate.swift */; };
		C52177CA27590FAA00E1BA62 /* SceneDelegate.swift in Sources */ = {isa = PBXBuildFile; fileRef = C52177C927590FAA00E1BA62 /* SceneDelegate.swift */; };
		C52177CC27590FAA00E1BA62 /* ViewController.swift in Sources */ = {isa = PBXBuildFile; fileRef = C52177CB27590FAA00E1BA62 /* ViewController.swift */; };
		C52177CF27590FAA00E1BA62 /* Main.storyboard in Resources */ = {isa = PBXBuildFile; fileRef = C52177CD27590FAA00E1BA62 /* Main.storyboard */; };
		C52177D127590FAC00E1BA62 /* Assets.xcassets in Resources */ = {isa = PBXBuildFile; fileRef = C52177D027590FAC00E1BA62 /* Assets.xcassets */; };
		C52177D427590FAC00E1BA62 /* LaunchScreen.storyboard in Resources */ = {isa = PBXBuildFile; fileRef = C52177D227590FAC00E1BA62 /* LaunchScreen.storyboard */; };
		C52177E02759101600E1BA62 /* CommuTableViewController.swift in Sources */ = {isa = PBXBuildFile; fileRef = C52177DD2759101600E1BA62 /* CommuTableViewController.swift */; };
		C52177E12759101600E1BA62 /* LoginPopupViewController.swift in Sources */ = {isa = PBXBuildFile; fileRef = C52177DE2759101600E1BA62 /* LoginPopupViewController.swift */; };
		C52177E22759101600E1BA62 /* CommuDetailViewController.swift in Sources */ = {isa = PBXBuildFile; fileRef = C52177DF2759101600E1BA62 /* CommuDetailViewController.swift */; };
		C52178452768215F00E1BA62 /* ChampInfo.swift in Sources */ = {isa = PBXBuildFile; fileRef = C52178442768215F00E1BA62 /* ChampInfo.swift */; };
		C5730C2527BAED5A00DF2520 /* CommuCreateViewController.swift in Sources */ = {isa = PBXBuildFile; fileRef = C5730C2427BAED5A00DF2520 /* CommuCreateViewController.swift */; };
		C585CC1D2827B92F000629EE /* GoogleService-Info.plist in Resources */ = {isa = PBXBuildFile; fileRef = C585CC1C2827B92F000629EE /* GoogleService-Info.plist */; };
		C597267B278C8EFA0048C7CA /* ChampDetailView.swift in Sources */ = {isa = PBXBuildFile; fileRef = C597267A278C8EFA0048C7CA /* ChampDetailView.swift */; };
		C597267D279544690048C7CA /* ChampSkillInfo.swift in Sources */ = {isa = PBXBuildFile; fileRef = C597267C279544690048C7CA /* ChampSkillInfo.swift */; };
		C5A30C482772F38200B2D4D3 /* LoginDetailView.swift in Sources */ = {isa = PBXBuildFile; fileRef = C5A30C472772F38200B2D4D3 /* LoginDetailView.swift */; };
		C5A30C4A2773154000B2D4D3 /* SignUpViewController.swift in Sources */ = {isa = PBXBuildFile; fileRef = C5A30C492773154000B2D4D3 /* SignUpViewController.swift */; };
		C5C8110328109F680088CE74 /* Commu.swift in Sources */ = {isa = PBXBuildFile; fileRef = C5C8110228109F680088CE74 /* Commu.swift */; };
/* End PBXBuildFile section */

/* Begin PBXFileReference section */
		129FA7CD3FED30DE909476C0 /* Pods-lolP.gg.release.xcconfig */ = {isa = PBXFileReference; includeInIndex = 1; lastKnownFileType = text.xcconfig; name = "Pods-lolP.gg.release.xcconfig"; path = "Target Support Files/Pods-lolP.gg/Pods-lolP.gg.release.xcconfig"; sourceTree = "<group>"; };
		1EB41DC524ACDE1404DAEC41 /* Pods_lolP_gg.framework */ = {isa = PBXFileReference; explicitFileType = wrapper.framework; includeInIndex = 0; path = Pods_lolP_gg.framework; sourceTree = BUILT_PRODUCTS_DIR; };
		C52177C427590FAA00E1BA62 /* lolP.gg.app */ = {isa = PBXFileReference; explicitFileType = wrapper.application; includeInIndex = 0; path = lolP.gg.app; sourceTree = BUILT_PRODUCTS_DIR; };
		C52177C727590FAA00E1BA62 /* AppDelegate.swift */ = {isa = PBXFileReference; lastKnownFileType = sourcecode.swift; path = AppDelegate.swift; sourceTree = "<group>"; };
		C52177C927590FAA00E1BA62 /* SceneDelegate.swift */ = {isa = PBXFileReference; lastKnownFileType = sourcecode.swift; path = SceneDelegate.swift; sourceTree = "<group>"; };
		C52177CB27590FAA00E1BA62 /* ViewController.swift */ = {isa = PBXFileReference; lastKnownFileType = sourcecode.swift; path = ViewController.swift; sourceTree = "<group>"; };
		C52177CE27590FAA00E1BA62 /* Base */ = {isa = PBXFileReference; lastKnownFileType = file.storyboard; name = Base; path = Base.lproj/Main.storyboard; sourceTree = "<group>"; };
		C52177D027590FAC00E1BA62 /* Assets.xcassets */ = {isa = PBXFileReference; lastKnownFileType = folder.assetcatalog; path = Assets.xcassets; sourceTree = "<group>"; };
		C52177D327590FAC00E1BA62 /* Base */ = {isa = PBXFileReference; lastKnownFileType = file.storyboard; name = Base; path = Base.lproj/LaunchScreen.storyboard; sourceTree = "<group>"; };
		C52177D527590FAC00E1BA62 /* Info.plist */ = {isa = PBXFileReference; lastKnownFileType = text.plist.xml; path = Info.plist; sourceTree = "<group>"; };
		C52177DD2759101600E1BA62 /* CommuTableViewController.swift */ = {isa = PBXFileReference; fileEncoding = 4; lastKnownFileType = sourcecode.swift; path = CommuTableViewController.swift; sourceTree = "<group>"; };
		C52177DE2759101600E1BA62 /* LoginPopupViewController.swift */ = {isa = PBXFileReference; fileEncoding = 4; lastKnownFileType = sourcecode.swift; path = LoginPopupViewController.swift; sourceTree = "<group>"; };
		C52177DF2759101600E1BA62 /* CommuDetailViewController.swift */ = {isa = PBXFileReference; fileEncoding = 4; lastKnownFileType = sourcecode.swift; path = CommuDetailViewController.swift; sourceTree = "<group>"; };
		C52178442768215F00E1BA62 /* ChampInfo.swift */ = {isa = PBXFileReference; lastKnownFileType = sourcecode.swift; path = ChampInfo.swift; sourceTree = "<group>"; };
		C52178CA276BB3F300E1BA62 /* lolP.gg.entitlements */ = {isa = PBXFileReference; lastKnownFileType = text.plist.entitlements; path = lolP.gg.entitlements; sourceTree = "<group>"; };
		C5730C2427BAED5A00DF2520 /* CommuCreateViewController.swift */ = {isa = PBXFileReference; lastKnownFileType = sourcecode.swift; path = CommuCreateViewController.swift; sourceTree = "<group>"; };
		C585CC1C2827B92F000629EE /* GoogleService-Info.plist */ = {isa = PBXFileReference; fileEncoding = 4; lastKnownFileType = text.plist.xml; path = "GoogleService-Info.plist"; sourceTree = "<group>"; };
		C597267A278C8EFA0048C7CA /* ChampDetailView.swift */ = {isa = PBXFileReference; lastKnownFileType = sourcecode.swift; path = ChampDetailView.swift; sourceTree = "<group>"; };
		C597267C279544690048C7CA /* ChampSkillInfo.swift */ = {isa = PBXFileReference; lastKnownFileType = sourcecode.swift; path = ChampSkillInfo.swift; sourceTree = "<group>"; };
		C5A30C472772F38200B2D4D3 /* LoginDetailView.swift */ = {isa = PBXFileReference; lastKnownFileType = sourcecode.swift; path = LoginDetailView.swift; sourceTree = "<group>"; };
		C5A30C492773154000B2D4D3 /* SignUpViewController.swift */ = {isa = PBXFileReference; lastKnownFileType = sourcecode.swift; path = SignUpViewController.swift; sourceTree = "<group>"; };
		C5C8110228109F680088CE74 /* Commu.swift */ = {isa = PBXFileReference; lastKnownFileType = sourcecode.swift; path = Commu.swift; sourceTree = "<group>"; };
		D65494B6522040107DA0E945 /* Pods-lolP.gg.debug.xcconfig */ = {isa = PBXFileReference; includeInIndex = 1; lastKnownFileType = text.xcconfig; name = "Pods-lolP.gg.debug.xcconfig"; path = "Target Support Files/Pods-lolP.gg/Pods-lolP.gg.debug.xcconfig"; sourceTree = "<group>"; };
/* End PBXFileReference section */

/* Begin PBXFrameworksBuildPhase section */
		C52177C127590FAA00E1BA62 /* Frameworks */ = {
			isa = PBXFrameworksBuildPhase;
			buildActionMask = 2147483647;
			files = (
				6E70A01CA01C25EB7D4157C4 /* Pods_lolP_gg.framework in Frameworks */,
			);
			runOnlyForDeploymentPostprocessing = 0;
		};
/* End PBXFrameworksBuildPhase section */

/* Begin PBXGroup section */
		253D1FCC20384558228C7876 /* Pods */ = {
			isa = PBXGroup;
			children = (
				D65494B6522040107DA0E945 /* Pods-lolP.gg.debug.xcconfig */,
				129FA7CD3FED30DE909476C0 /* Pods-lolP.gg.release.xcconfig */,
			);
			path = Pods;
			sourceTree = "<group>";
		};
		903463C748C35CC078260366 /* Frameworks */ = {
			isa = PBXGroup;
			children = (
				1EB41DC524ACDE1404DAEC41 /* Pods_lolP_gg.framework */,
			);
			name = Frameworks;
			sourceTree = "<group>";
		};
		C52177BB27590FAA00E1BA62 = {
			isa = PBXGroup;
			children = (
				C52177C627590FAA00E1BA62 /* lolP.gg */,
				C52177C527590FAA00E1BA62 /* Products */,
				253D1FCC20384558228C7876 /* Pods */,
				903463C748C35CC078260366 /* Frameworks */,
			);
			sourceTree = "<group>";
		};
		C52177C527590FAA00E1BA62 /* Products */ = {
			isa = PBXGroup;
			children = (
				C52177C427590FAA00E1BA62 /* lolP.gg.app */,
			);
			name = Products;
			sourceTree = "<group>";
		};
		C52177C627590FAA00E1BA62 /* lolP.gg */ = {
			isa = PBXGroup;
			children = (
				C5B7B99728214D74002EE221 /* ChampDetail */,
				C585CC1528279E67000629EE /* FirebaseManager */,
				C5B7B99828214DAD002EE221 /* Login */,
				C5B7B99628214D56002EE221 /* Main */,
				C52178CA276BB3F300E1BA62 /* lolP.gg.entitlements */,
				C52177D027590FAC00E1BA62 /* Assets.xcassets */,
				C52177D527590FAC00E1BA62 /* Info.plist */,
				C585CC1C2827B92F000629EE /* GoogleService-Info.plist */,
				C52177D227590FAC00E1BA62 /* LaunchScreen.storyboard */,
				C52177CD27590FAA00E1BA62 /* Main.storyboard */,
				C52177C727590FAA00E1BA62 /* AppDelegate.swift */,
				C52177C927590FAA00E1BA62 /* SceneDelegate.swift */,
				C5C8110228109F680088CE74 /* Commu.swift */,
				C52177DF2759101600E1BA62 /* CommuDetailViewController.swift */,
				C52177DD2759101600E1BA62 /* CommuTableViewController.swift */,
				C5730C2427BAED5A00DF2520 /* CommuCreateViewController.swift */,
			);
			path = lolP.gg;
			sourceTree = "<group>";
		};
		C585CC1528279E67000629EE /* FirebaseManager */ = {
			isa = PBXGroup;
			children = (
			);
			path = FirebaseManager;
			sourceTree = "<group>";
		};
		C5B7B99628214D56002EE221 /* Main */ = {
			isa = PBXGroup;
			children = (
				C52178442768215F00E1BA62 /* ChampInfo.swift */,
				C52177CB27590FAA00E1BA62 /* ViewController.swift */,
			);
			path = Main;
			sourceTree = "<group>";
		};
		C5B7B99728214D74002EE221 /* ChampDetail */ = {
			isa = PBXGroup;
			children = (
				C597267A278C8EFA0048C7CA /* ChampDetailView.swift */,
				C597267C279544690048C7CA /* ChampSkillInfo.swift */,
			);
			path = ChampDetail;
			sourceTree = "<group>";
		};
		C5B7B99828214DAD002EE221 /* Login */ = {
			isa = PBXGroup;
			children = (
				C52177DE2759101600E1BA62 /* LoginPopupViewController.swift */,
				C5A30C472772F38200B2D4D3 /* LoginDetailView.swift */,
				C5A30C492773154000B2D4D3 /* SignUpViewController.swift */,
			);
			path = Login;
			sourceTree = "<group>";
		};
/* End PBXGroup section */

/* Begin PBXNativeTarget section */
		C52177C327590FAA00E1BA62 /* lolP.gg */ = {
			isa = PBXNativeTarget;
			buildConfigurationList = C52177D827590FAC00E1BA62 /* Build configuration list for PBXNativeTarget "lolP.gg" */;
			buildPhases = (
				A1C3F8F4AB0A3E2CB410383D /* [CP] Check Pods Manifest.lock */,
				C52177C027590FAA00E1BA62 /* Sources */,
				C52177C127590FAA00E1BA62 /* Frameworks */,
				C52177C227590FAA00E1BA62 /* Resources */,
				195B9F7B77E6B72243C33C2B /* [CP] Embed Pods Frameworks */,
			);
			buildRules = (
			);
			dependencies = (
			);
			name = lolP.gg;
			productName = lolP.gg;
			productReference = C52177C427590FAA00E1BA62 /* lolP.gg.app */;
			productType = "com.apple.product-type.application";
		};
/* End PBXNativeTarget section */

/* Begin PBXProject section */
		C52177BC27590FAA00E1BA62 /* Project object */ = {
			isa = PBXProject;
			attributes = {
				BuildIndependentTargetsInParallel = 1;
				LastSwiftUpdateCheck = 1310;
				LastUpgradeCheck = 1310;
				TargetAttributes = {
					C52177C327590FAA00E1BA62 = {
						CreatedOnToolsVersion = 13.1;
					};
				};
			};
			buildConfigurationList = C52177BF27590FAA00E1BA62 /* Build configuration list for PBXProject "lolP.gg" */;
			compatibilityVersion = "Xcode 13.0";
			developmentRegion = en;
			hasScannedForEncodings = 0;
			knownRegions = (
				en,
				Base,
			);
			mainGroup = C52177BB27590FAA00E1BA62;
			productRefGroup = C52177C527590FAA00E1BA62 /* Products */;
			projectDirPath = "";
			projectRoot = "";
			targets = (
				C52177C327590FAA00E1BA62 /* lolP.gg */,
			);
		};
/* End PBXProject section */

/* Begin PBXResourcesBuildPhase section */
		C52177C227590FAA00E1BA62 /* Resources */ = {
			isa = PBXResourcesBuildPhase;
			buildActionMask = 2147483647;
			files = (
				C52177D427590FAC00E1BA62 /* LaunchScreen.storyboard in Resources */,
				C585CC1D2827B92F000629EE /* GoogleService-Info.plist in Resources */,
				C52177D127590FAC00E1BA62 /* Assets.xcassets in Resources */,
				C52177CF27590FAA00E1BA62 /* Main.storyboard in Resources */,
			);
			runOnlyForDeploymentPostprocessing = 0;
		};
/* End PBXResourcesBuildPhase section */

/* Begin PBXShellScriptBuildPhase section */
		195B9F7B77E6B72243C33C2B /* [CP] Embed Pods Frameworks */ = {
			isa = PBXShellScriptBuildPhase;
			buildActionMask = 2147483647;
			files = (
			);
			inputFileListPaths = (
				"${PODS_ROOT}/Target Support Files/Pods-lolP.gg/Pods-lolP.gg-frameworks-${CONFIGURATION}-input-files.xcfilelist",
			);
			name = "[CP] Embed Pods Frameworks";
			outputFileListPaths = (
				"${PODS_ROOT}/Target Support Files/Pods-lolP.gg/Pods-lolP.gg-frameworks-${CONFIGURATION}-output-files.xcfilelist",
			);
			runOnlyForDeploymentPostprocessing = 0;
			shellPath = /bin/sh;
			shellScript = "\"${PODS_ROOT}/Target Support Files/Pods-lolP.gg/Pods-lolP.gg-frameworks.sh\"\n";
			showEnvVarsInLog = 0;
		};
		A1C3F8F4AB0A3E2CB410383D /* [CP] Check Pods Manifest.lock */ = {
			isa = PBXShellScriptBuildPhase;
			buildActionMask = 2147483647;
			files = (
			);
			inputFileListPaths = (
			);
			inputPaths = (
				"${PODS_PODFILE_DIR_PATH}/Podfile.lock",
				"${PODS_ROOT}/Manifest.lock",
			);
			name = "[CP] Check Pods Manifest.lock";
			outputFileListPaths = (
			);
			outputPaths = (
				"$(DERIVED_FILE_DIR)/Pods-lolP.gg-checkManifestLockResult.txt",
			);
			runOnlyForDeploymentPostprocessing = 0;
			shellPath = /bin/sh;
			shellScript = "diff \"${PODS_PODFILE_DIR_PATH}/Podfile.lock\" \"${PODS_ROOT}/Manifest.lock\" > /dev/null\nif [ $? != 0 ] ; then\n    # print error to STDERR\n    echo \"error: The sandbox is not in sync with the Podfile.lock. Run 'pod install' or update your CocoaPods installation.\" >&2\n    exit 1\nfi\n# This output is used by Xcode 'outputs' to avoid re-running this script phase.\necho \"SUCCESS\" > \"${SCRIPT_OUTPUT_FILE_0}\"\n";
			showEnvVarsInLog = 0;
		};
/* End PBXShellScriptBuildPhase section */

/* Begin PBXSourcesBuildPhase section */
		C52177C027590FAA00E1BA62 /* Sources */ = {
			isa = PBXSourcesBuildPhase;
			buildActionMask = 2147483647;
			files = (
				C52178452768215F00E1BA62 /* ChampInfo.swift in Sources */,
				C52177E22759101600E1BA62 /* CommuDetailViewController.swift in Sources */,
				C5730C2527BAED5A00DF2520 /* CommuCreateViewController.swift in Sources */,
				C52177CC27590FAA00E1BA62 /* ViewController.swift in Sources */,
				C5C8110328109F680088CE74 /* Commu.swift in Sources */,
				C597267D279544690048C7CA /* ChampSkillInfo.swift in Sources */,
				C52177C827590FAA00E1BA62 /* AppDelegate.swift in Sources */,
				C52177E12759101600E1BA62 /* LoginPopupViewController.swift in Sources */,
				C52177E02759101600E1BA62 /* CommuTableViewController.swift in Sources */,
				C5A30C4A2773154000B2D4D3 /* SignUpViewController.swift in Sources */,
				C52177CA27590FAA00E1BA62 /* SceneDelegate.swift in Sources */,
				C5A30C482772F38200B2D4D3 /* LoginDetailView.swift in Sources */,
				C597267B278C8EFA0048C7CA /* ChampDetailView.swift in Sources */,
			);
			runOnlyForDeploymentPostprocessing = 0;
		};
/* End PBXSourcesBuildPhase section */

/* Begin PBXVariantGroup section */
		C52177CD27590FAA00E1BA62 /* Main.storyboard */ = {
			isa = PBXVariantGroup;
			children = (
				C52177CE27590FAA00E1BA62 /* Base */,
			);
			name = Main.storyboard;
			sourceTree = "<group>";
		};
		C52177D227590FAC00E1BA62 /* LaunchScreen.storyboard */ = {
			isa = PBXVariantGroup;
			children = (
				C52177D327590FAC00E1BA62 /* Base */,
			);
			name = LaunchScreen.storyboard;
			sourceTree = "<group>";
		};
/* End PBXVariantGroup section */

/* Begin XCBuildConfiguration section */
		C52177D627590FAC00E1BA62 /* Debug */ = {
			isa = XCBuildConfiguration;
			buildSettings = {
				ALWAYS_SEARCH_USER_PATHS = NO;
				CLANG_ANALYZER_NONNULL = YES;
				CLANG_ANALYZER_NUMBER_OBJECT_CONVERSION = YES_AGGRESSIVE;
				CLANG_CXX_LANGUAGE_STANDARD = "gnu++17";
				CLANG_CXX_LIBRARY = "libc++";
				CLANG_ENABLE_MODULES = YES;
				CLANG_ENABLE_OBJC_ARC = YES;
				CLANG_ENABLE_OBJC_WEAK = YES;
				CLANG_WARN_BLOCK_CAPTURE_AUTORELEASING = YES;
				CLANG_WARN_BOOL_CONVERSION = YES;
				CLANG_WARN_COMMA = YES;
				CLANG_WARN_CONSTANT_CONVERSION = YES;
				CLANG_WARN_DEPRECATED_OBJC_IMPLEMENTATIONS = YES;
				CLANG_WARN_DIRECT_OBJC_ISA_USAGE = YES_ERROR;
				CLANG_WARN_DOCUMENTATION_COMMENTS = YES;
				CLANG_WARN_EMPTY_BODY = YES;
				CLANG_WARN_ENUM_CONVERSION = YES;
				CLANG_WARN_INFINITE_RECURSION = YES;
				CLANG_WARN_INT_CONVERSION = YES;
				CLANG_WARN_NON_LITERAL_NULL_CONVERSION = YES;
				CLANG_WARN_OBJC_IMPLICIT_RETAIN_SELF = YES;
				CLANG_WARN_OBJC_LITERAL_CONVERSION = YES;
				CLANG_WARN_OBJC_ROOT_CLASS = YES_ERROR;
				CLANG_WARN_QUOTED_INCLUDE_IN_FRAMEWORK_HEADER = YES;
				CLANG_WARN_RANGE_LOOP_ANALYSIS = YES;
				CLANG_WARN_STRICT_PROTOTYPES = YES;
				CLANG_WARN_SUSPICIOUS_MOVE = YES;
				CLANG_WARN_UNGUARDED_AVAILABILITY = YES_AGGRESSIVE;
				CLANG_WARN_UNREACHABLE_CODE = YES;
				CLANG_WARN__DUPLICATE_METHOD_MATCH = YES;
				COPY_PHASE_STRIP = NO;
				DEBUG_INFORMATION_FORMAT = dwarf;
				ENABLE_STRICT_OBJC_MSGSEND = YES;
				ENABLE_TESTABILITY = YES;
				GCC_C_LANGUAGE_STANDARD = gnu11;
				GCC_DYNAMIC_NO_PIC = NO;
				GCC_NO_COMMON_BLOCKS = YES;
				GCC_OPTIMIZATION_LEVEL = 0;
				GCC_PREPROCESSOR_DEFINITIONS = (
					"DEBUG=1",
					"$(inherited)",
				);
				GCC_WARN_64_TO_32_BIT_CONVERSION = YES;
				GCC_WARN_ABOUT_RETURN_TYPE = YES_ERROR;
				GCC_WARN_UNDECLARED_SELECTOR = YES;
				GCC_WARN_UNINITIALIZED_AUTOS = YES_AGGRESSIVE;
				GCC_WARN_UNUSED_FUNCTION = YES;
				GCC_WARN_UNUSED_VARIABLE = YES;
				IPHONEOS_DEPLOYMENT_TARGET = 15.0;
				MTL_ENABLE_DEBUG_INFO = INCLUDE_SOURCE;
				MTL_FAST_MATH = YES;
				ONLY_ACTIVE_ARCH = YES;
				SDKROOT = iphoneos;
				SWIFT_ACTIVE_COMPILATION_CONDITIONS = DEBUG;
				SWIFT_OPTIMIZATION_LEVEL = "-Onone";
			};
			name = Debug;
		};
		C52177D727590FAC00E1BA62 /* Release */ = {
			isa = XCBuildConfiguration;
			buildSettings = {
				ALWAYS_SEARCH_USER_PATHS = NO;
				CLANG_ANALYZER_NONNULL = YES;
				CLANG_ANALYZER_NUMBER_OBJECT_CONVERSION = YES_AGGRESSIVE;
				CLANG_CXX_LANGUAGE_STANDARD = "gnu++17";
				CLANG_CXX_LIBRARY = "libc++";
				CLANG_ENABLE_MODULES = YES;
				CLANG_ENABLE_OBJC_ARC = YES;
				CLANG_ENABLE_OBJC_WEAK = YES;
				CLANG_WARN_BLOCK_CAPTURE_AUTORELEASING = YES;
				CLANG_WARN_BOOL_CONVERSION = YES;
				CLANG_WARN_COMMA = YES;
				CLANG_WARN_CONSTANT_CONVERSION = YES;
				CLANG_WARN_DEPRECATED_OBJC_IMPLEMENTATIONS = YES;
				CLANG_WARN_DIRECT_OBJC_ISA_USAGE = YES_ERROR;
				CLANG_WARN_DOCUMENTATION_COMMENTS = YES;
				CLANG_WARN_EMPTY_BODY = YES;
				CLANG_WARN_ENUM_CONVERSION = YES;
				CLANG_WARN_INFINITE_RECURSION = YES;
				CLANG_WARN_INT_CONVERSION = YES;
				CLANG_WARN_NON_LITERAL_NULL_CONVERSION = YES;
				CLANG_WARN_OBJC_IMPLICIT_RETAIN_SELF = YES;
				CLANG_WARN_OBJC_LITERAL_CONVERSION = YES;
				CLANG_WARN_OBJC_ROOT_CLASS = YES_ERROR;
				CLANG_WARN_QUOTED_INCLUDE_IN_FRAMEWORK_HEADER = YES;
				CLANG_WARN_RANGE_LOOP_ANALYSIS = YES;
				CLANG_WARN_STRICT_PROTOTYPES = YES;
				CLANG_WARN_SUSPICIOUS_MOVE = YES;
				CLANG_WARN_UNGUARDED_AVAILABILITY = YES_AGGRESSIVE;
				CLANG_WARN_UNREACHABLE_CODE = YES;
				CLANG_WARN__DUPLICATE_METHOD_MATCH = YES;
				COPY_PHASE_STRIP = NO;
				DEBUG_INFORMATION_FORMAT = "dwarf-with-dsym";
				ENABLE_NS_ASSERTIONS = NO;
				ENABLE_STRICT_OBJC_MSGSEND = YES;
				GCC_C_LANGUAGE_STANDARD = gnu11;
				GCC_NO_COMMON_BLOCKS = YES;
				GCC_WARN_64_TO_32_BIT_CONVERSION = YES;
				GCC_WARN_ABOUT_RETURN_TYPE = YES_ERROR;
				GCC_WARN_UNDECLARED_SELECTOR = YES;
				GCC_WARN_UNINITIALIZED_AUTOS = YES_AGGRESSIVE;
				GCC_WARN_UNUSED_FUNCTION = YES;
				GCC_WARN_UNUSED_VARIABLE = YES;
				IPHONEOS_DEPLOYMENT_TARGET = 15.0;
				MTL_ENABLE_DEBUG_INFO = NO;
				MTL_FAST_MATH = YES;
				SDKROOT = iphoneos;
				SWIFT_COMPILATION_MODE = wholemodule;
				SWIFT_OPTIMIZATION_LEVEL = "-O";
				VALIDATE_PRODUCT = YES;
			};
			name = Release;
		};
		C52177D927590FAC00E1BA62 /* Debug */ = {
			isa = XCBuildConfiguration;
			baseConfigurationReference = D65494B6522040107DA0E945 /* Pods-lolP.gg.debug.xcconfig */;
			buildSettings = {
				ASSETCATALOG_COMPILER_APPICON_NAME = AppIcon;
				ASSETCATALOG_COMPILER_GLOBAL_ACCENT_COLOR_NAME = AccentColor;
				CODE_SIGN_ENTITLEMENTS = lolP.gg/lolP.gg.entitlements;
				CODE_SIGN_STYLE = Automatic;
				CURRENT_PROJECT_VERSION = 1;
				DEVELOPMENT_TEAM = YULBA58FUP;
				GENERATE_INFOPLIST_FILE = YES;
				INFOPLIST_FILE = lolP.gg/Info.plist;
				INFOPLIST_KEY_NSCameraUsageDescription = "사진 업로드를 위한 카메라권한입니다.";
				INFOPLIST_KEY_NSPhotoLibraryAddUsageDescription = "사진 업로드를 위한 라이브러리권한입니다.";
				INFOPLIST_KEY_UIApplicationSupportsIndirectInputEvents = YES;
				INFOPLIST_KEY_UILaunchStoryboardName = LaunchScreen;
				INFOPLIST_KEY_UIMainStoryboardFile = Main;
				INFOPLIST_KEY_UISupportedInterfaceOrientations_iPad = "UIInterfaceOrientationPortrait UIInterfaceOrientationPortraitUpsideDown UIInterfaceOrientationLandscapeLeft UIInterfaceOrientationLandscapeRight";
				INFOPLIST_KEY_UISupportedInterfaceOrientations_iPhone = "UIInterfaceOrientationPortrait UIInterfaceOrientationLandscapeLeft UIInterfaceOrientationLandscapeRight";
				IPHONEOS_DEPLOYMENT_TARGET = 15.2;
				LD_RUNPATH_SEARCH_PATHS = (
					"$(inherited)",
					"@executable_path/Frameworks",
				);
				MARKETING_VERSION = 1.0;
				PRODUCT_BUNDLE_IDENTIFIER = "my.macPc.lolP-gg";
				PRODUCT_NAME = "$(TARGET_NAME)";
				SWIFT_EMIT_LOC_STRINGS = YES;
				SWIFT_VERSION = 5.0;
				TARGETED_DEVICE_FAMILY = 1;
			};
			name = Debug;
		};
		C52177DA27590FAC00E1BA62 /* Release */ = {
			isa = XCBuildConfiguration;
			baseConfigurationReference = 129FA7CD3FED30DE909476C0 /* Pods-lolP.gg.release.xcconfig */;
			buildSettings = {
				ASSETCATALOG_COMPILER_APPICON_NAME = AppIcon;
				ASSETCATALOG_COMPILER_GLOBAL_ACCENT_COLOR_NAME = AccentColor;
				CODE_SIGN_ENTITLEMENTS = lolP.gg/lolP.gg.entitlements;
				CODE_SIGN_STYLE = Automatic;
				CURRENT_PROJECT_VERSION = 1;
				DEVELOPMENT_TEAM = YULBA58FUP;
				GENERATE_INFOPLIST_FILE = YES;
				INFOPLIST_FILE = lolP.gg/Info.plist;
				INFOPLIST_KEY_NSCameraUsageDescription = "사진 업로드를 위한 카메라권한입니다.";
				INFOPLIST_KEY_NSPhotoLibraryAddUsageDescription = "사진 업로드를 위한 라이브러리권한입니다.";
				INFOPLIST_KEY_UIApplicationSupportsIndirectInputEvents = YES;
				INFOPLIST_KEY_UILaunchStoryboardName = LaunchScreen;
				INFOPLIST_KEY_UIMainStoryboardFile = Main;
				INFOPLIST_KEY_UISupportedInterfaceOrientations_iPad = "UIInterfaceOrientationPortrait UIInterfaceOrientationPortraitUpsideDown UIInterfaceOrientationLandscapeLeft UIInterfaceOrientationLandscapeRight";
				INFOPLIST_KEY_UISupportedInterfaceOrientations_iPhone = "UIInterfaceOrientationPortrait UIInterfaceOrientationLandscapeLeft UIInterfaceOrientationLandscapeRight";
				IPHONEOS_DEPLOYMENT_TARGET = 15.2;
				LD_RUNPATH_SEARCH_PATHS = (
					"$(inherited)",
					"@executable_path/Frameworks",
				);
				MARKETING_VERSION = 1.0;
				PRODUCT_BUNDLE_IDENTIFIER = "my.macPc.lolP-gg";
				PRODUCT_NAME = "$(TARGET_NAME)";
				SWIFT_EMIT_LOC_STRINGS = YES;
				SWIFT_VERSION = 5.0;
				TARGETED_DEVICE_FAMILY = 1;
			};
			name = Release;
		};
/* End XCBuildConfiguration section */

/* Begin XCConfigurationList section */
		C52177BF27590FAA00E1BA62 /* Build configuration list for PBXProject "lolP.gg" */ = {
			isa = XCConfigurationList;
			buildConfigurations = (
				C52177D627590FAC00E1BA62 /* Debug */,
				C52177D727590FAC00E1BA62 /* Release */,
			);
			defaultConfigurationIsVisible = 0;
			defaultConfigurationName = Release;
		};
		C52177D827590FAC00E1BA62 /* Build configuration list for PBXNativeTarget "lolP.gg" */ = {
			isa = XCConfigurationList;
			buildConfigurations = (
				C52177D927590FAC00E1BA62 /* Debug */,
				C52177DA27590FAC00E1BA62 /* Release */,
			);
			defaultConfigurationIsVisible = 0;
			defaultConfigurationName = Release;
		};
/* End XCConfigurationList section */
	};
	rootObject = C52177BC27590FAA00E1BA62 /* Project object */;
}
